
Microsoft Visual Studio Solution File, Format Version 12.00
# Visual Studio Version 17
VisualStudioVersion = 17.13.35825.156 d17.13
MinimumVisualStudioVersion = 10.0.40219.1
Project("{FAE04EC0-301F-11D3-BF4B-00C04F79EFBC}") = "PortaRendszer", "PortaRendszer\PortaRendszer.csproj", "{639D5A6C-B697-4175-9972-28B0B6DE66CA}"
EndProject
Global
	GlobalSection(SolutionConfigurationPlatforms) = preSolution
		Debug|Any CPU = Debug|Any CPU
		Release|Any CPU = Release|Any CPU
	EndGlobalSection
	GlobalSection(ProjectConfigurationPlatforms) = postSolution
		{639D5A6C-B697-4175-9972-28B0B6DE66CA}.Debug|Any CPU.ActiveCfg = Debug|Any CPU
		{639D5A6C-B697-4175-9972-28B0B6DE66CA}.Debug|Any CPU.Build.0 = Debug|Any CPU
		{639D5A6C-B697-4175-9972-28B0B6DE66CA}.Release|Any CPU.ActiveCfg = Release|Any CPU
		{639D5A6C-B697-4175-9972-28B0B6DE66CA}.Release|Any CPU.Build.0 = Release|Any CPU
	EndGlobalSection
	GlobalSection(SolutionProperties) = preSolution
		HideSolutionNode = FALSE
	EndGlobalSection
	GlobalSection(ExtensibilityGlobals) = postSolution
		SolutionGuid = {E9FFE7F6-1630-4749-8DBA-5B306FCBFDCA}
	EndGlobalSection
EndGlobal
